
Microsoft Visual Studio Solution File, Format Version 12.00
# Visual Studio Version 17
VisualStudioVersion = 17.11.35312.102
MinimumVisualStudioVersion = 10.0.40219.1
Project("{FAE04EC0-301F-11D3-BF4B-00C04F79EFBC}") = "BaldiPlusRandomZone", "BaldiPlusRandomZone.csproj", "{B033A3A2-B245-4C4C-9428-3C62A4AEB1BE}"
EndProject
Global
	GlobalSection(SolutionConfigurationPlatforms) = preSolution
		Debug|Any CPU = Debug|Any CPU
		Release|Any CPU = Release|Any CPU
	EndGlobalSection
	GlobalSection(ProjectConfigurationPlatforms) = postSolution
		{B033A3A2-B245-4C4C-9428-3C62A4AEB1BE}.Debug|Any CPU.ActiveCfg = Debug|Any CPU
		{B033A3A2-B245-4C4C-9428-3C62A4AEB1BE}.Debug|Any CPU.Build.0 = Debug|Any CPU
		{B033A3A2-B245-4C4C-9428-3C62A4AEB1BE}.Release|Any CPU.ActiveCfg = Release|Any CPU
		{B033A3A2-B245-4C4C-9428-3C62A4AEB1BE}.Release|Any CPU.Build.0 = Release|Any CPU
	EndGlobalSection
	GlobalSection(SolutionProperties) = preSolution
		HideSolutionNode = FALSE
	EndGlobalSection
	GlobalSection(ExtensibilityGlobals) = postSolution
		SolutionGuid = {48704CF4-1283-402E-8761-D89BE7E35BE2}
	EndGlobalSection
EndGlobal
